
Microsoft Visual Studio Solution File, Format Version 12.00
# Visual Studio 15
VisualStudioVersion = 15.0.27703.2035
MinimumVisualStudioVersion = 10.0.40219.1
Project("{8BC9CEB8-8B4A-11D0-8D11-00A0C91BC942}") = "bsp2fbx", "bsp2fbx.vcxproj", "{0AD6E1CB-E149-44FD-977C-E0C02C513F8D}"
EndProject
Global
	GlobalSection(SolutionConfigurationPlatforms) = preSolution
		Debug|x64 = Debug|x64
		Debug|x86 = Debug|x86
		Release|x64 = Release|x64
		Release|x86 = Release|x86
	EndGlobalSection
	GlobalSection(ProjectConfigurationPlatforms) = postSolution
		{0AD6E1CB-E149-44FD-977C-E0C02C513F8D}.Debug|x64.ActiveCfg = Debug|x64
		{0AD6E1CB-E149-44FD-977C-E0C02C513F8D}.Debug|x64.Build.0 = Debug|x64
		{0AD6E1CB-E149-44FD-977C-E0C02C513F8D}.Debug|x86.ActiveCfg = Debug|Win32
		{0AD6E1CB-E149-44FD-977C-E0C02C513F8D}.Debug|x86.Build.0 = Debug|Win32
		{0AD6E1CB-E149-44FD-977C-E0C02C513F8D}.Release|x64.ActiveCfg = Release|x64
		{0AD6E1CB-E149-44FD-977C-E0C02C513F8D}.Release|x64.Build.0 = Release|x64
		{0AD6E1CB-E149-44FD-977C-E0C02C513F8D}.Release|x86.ActiveCfg = Release|Win32
		{0AD6E1CB-E149-44FD-977C-E0C02C513F8D}.Release|x86.Build.0 = Release|Win32
	EndGlobalSection
	GlobalSection(SolutionProperties) = preSolution
		HideSolutionNode = FALSE
	EndGlobalSection
	GlobalSection(ExtensibilityGlobals) = postSolution
		SolutionGuid = {B8D9C11A-70BE-428B-A24F-79C6A2E0C468}
	EndGlobalSection
EndGlobal
